
Microsoft Visual Studio Solution File, Format Version 12.00
# Visual Studio Version 16
VisualStudioVersion = 16.0.29911.84
MinimumVisualStudioVersion = 10.0.40219.1
Project("{FAE04EC0-301F-11D3-BF4B-00C04F79EFBC}") = "ControlDeAlmacen2020", "ControlDeAlmacen2020\ControlDeAlmacen2020.csproj", "{1BACADAD-6642-4ED6-9B3F-BD0CB785F3DB}"
EndProject
Project("{FAE04EC0-301F-11D3-BF4B-00C04F79EFBC}") = "CapaDatos", "CapaDatos\CapaDatos.csproj", "{473AC0FF-4EDE-43A0-9C45-0032DD532842}"
EndProject
Project("{FAE04EC0-301F-11D3-BF4B-00C04F79EFBC}") = "CapaLogica", "CapaLogica\CapaLogica.csproj", "{A492782B-3B33-4AAF-8AF0-687D95DC28AE}"
EndProject
Global
	GlobalSection(SolutionConfigurationPlatforms) = preSolution
		Debug|Any CPU = Debug|Any CPU
		Release|Any CPU = Release|Any CPU
	EndGlobalSection
	GlobalSection(ProjectConfigurationPlatforms) = postSolution
		{1BACADAD-6642-4ED6-9B3F-BD0CB785F3DB}.Debug|Any CPU.ActiveCfg = Debug|Any CPU
		{1BACADAD-6642-4ED6-9B3F-BD0CB785F3DB}.Debug|Any CPU.Build.0 = Debug|Any CPU
		{1BACADAD-6642-4ED6-9B3F-BD0CB785F3DB}.Release|Any CPU.ActiveCfg = Release|Any CPU
		{1BACADAD-6642-4ED6-9B3F-BD0CB785F3DB}.Release|Any CPU.Build.0 = Release|Any CPU
		{473AC0FF-4EDE-43A0-9C45-0032DD532842}.Debug|Any CPU.ActiveCfg = Debug|Any CPU
		{473AC0FF-4EDE-43A0-9C45-0032DD532842}.Debug|Any CPU.Build.0 = Debug|Any CPU
		{473AC0FF-4EDE-43A0-9C45-0032DD532842}.Release|Any CPU.ActiveCfg = Release|Any CPU
		{473AC0FF-4EDE-43A0-9C45-0032DD532842}.Release|Any CPU.Build.0 = Release|Any CPU
		{A492782B-3B33-4AAF-8AF0-687D95DC28AE}.Debug|Any CPU.ActiveCfg = Debug|Any CPU
		{A492782B-3B33-4AAF-8AF0-687D95DC28AE}.Debug|Any CPU.Build.0 = Debug|Any CPU
		{A492782B-3B33-4AAF-8AF0-687D95DC28AE}.Release|Any CPU.ActiveCfg = Release|Any CPU
		{A492782B-3B33-4AAF-8AF0-687D95DC28AE}.Release|Any CPU.Build.0 = Release|Any CPU
	EndGlobalSection
	GlobalSection(SolutionProperties) = preSolution
		HideSolutionNode = FALSE
	EndGlobalSection
	GlobalSection(ExtensibilityGlobals) = postSolution
		SolutionGuid = {80AA84C5-D62B-43F9-BB25-0C43E414E870}
	EndGlobalSection
EndGlobal
